{
  "name": "hl",
  "version": "1.0.0",
  "lockfileVersion": 1,
  "requires": true,
  "dependencies": {
    "minimist": {
      "version": "1.2.0",
      "resolved": "http://registry.npmjs.org/minimist/-/minimist-1.2.0.tgz",
      "integrity": "sha1-o1AIsg9BOD7sH7kU9M1d95omQoQ="
    },
    "turbocolor": {
      "version": "2.6.1",
      "resolved": "https://registry.npmjs.org/turbocolor/-/turbocolor-2.6.1.tgz",
      "integrity": "sha512-0pTvPfKBIasx7C4bEorJY9I3SNbkyQrFeRxK8iMoarEHZLQLOhPungv9t/7SSfKLJdErhv4dC2GKmaNGURnk4A=="
    }
  }
}
